
Microsoft Visual Studio Solution File, Format Version 12.00
Project("{FAE04EC0-301F-11D3-BF4B-00C04F79EFBC}") = "TetPee.Api", "TetPee.Api\TetPee.Api.csproj", "{BFCE3D09-FAF0-4038-B6FE-7250C7EDE4CD}"
EndProject
Project("{FAE04EC0-301F-11D3-BF4B-00C04F79EFBC}") = "TetPee.service", "TetPee.service\TetPee.service.csproj", "{FDD570FB-9D95-4041-BEE5-C19E42C94055}"
EndProject
Project("{FAE04EC0-301F-11D3-BF4B-00C04F79EFBC}") = "TetPee.Repository", "TetPee.Repository\TetPee.Repository.csproj", "{24479410-E098-4513-96AB-F15BFAF823DE}"
EndProject
Global
	GlobalSection(SolutionConfigurationPlatforms) = preSolution
		Debug|Any CPU = Debug|Any CPU
		Release|Any CPU = Release|Any CPU
	EndGlobalSection
	GlobalSection(ProjectConfigurationPlatforms) = postSolution
		{BFCE3D09-FAF0-4038-B6FE-7250C7EDE4CD}.Debug|Any CPU.ActiveCfg = Debug|Any CPU
		{BFCE3D09-FAF0-4038-B6FE-7250C7EDE4CD}.Debug|Any CPU.Build.0 = Debug|Any CPU
		{BFCE3D09-FAF0-4038-B6FE-7250C7EDE4CD}.Release|Any CPU.ActiveCfg = Release|Any CPU
		{BFCE3D09-FAF0-4038-B6FE-7250C7EDE4CD}.Release|Any CPU.Build.0 = Release|Any CPU
		{FDD570FB-9D95-4041-BEE5-C19E42C94055}.Debug|Any CPU.ActiveCfg = Debug|Any CPU
		{FDD570FB-9D95-4041-BEE5-C19E42C94055}.Debug|Any CPU.Build.0 = Debug|Any CPU
		{FDD570FB-9D95-4041-BEE5-C19E42C94055}.Release|Any CPU.ActiveCfg = Release|Any CPU
		{FDD570FB-9D95-4041-BEE5-C19E42C94055}.Release|Any CPU.Build.0 = Release|Any CPU
		{24479410-E098-4513-96AB-F15BFAF823DE}.Debug|Any CPU.ActiveCfg = Debug|Any CPU
		{24479410-E098-4513-96AB-F15BFAF823DE}.Debug|Any CPU.Build.0 = Debug|Any CPU
		{24479410-E098-4513-96AB-F15BFAF823DE}.Release|Any CPU.ActiveCfg = Release|Any CPU
		{24479410-E098-4513-96AB-F15BFAF823DE}.Release|Any CPU.Build.0 = Release|Any CPU
	EndGlobalSection
EndGlobal
